
Microsoft Visual Studio Solution File, Format Version 12.00
# Visual Studio Version 17
VisualStudioVersion = 17.5.33516.290
MinimumVisualStudioVersion = 10.0.40219.1
Project("{FAE04EC0-301F-11D3-BF4B-00C04F79EFBC}") = "KebabBot", "KebabBot\KebabBot.csproj", "{0AE79FC1-E77C-4242-A6BC-BD6D0ABAE411}"
EndProject
Global
	GlobalSection(SolutionConfigurationPlatforms) = preSolution
		Debug|Any CPU = Debug|Any CPU
		Release|Any CPU = Release|Any CPU
	EndGlobalSection
	GlobalSection(ProjectConfigurationPlatforms) = postSolution
		{0AE79FC1-E77C-4242-A6BC-BD6D0ABAE411}.Debug|Any CPU.ActiveCfg = Debug|Any CPU
		{0AE79FC1-E77C-4242-A6BC-BD6D0ABAE411}.Debug|Any CPU.Build.0 = Debug|Any CPU
		{0AE79FC1-E77C-4242-A6BC-BD6D0ABAE411}.Release|Any CPU.ActiveCfg = Release|Any CPU
		{0AE79FC1-E77C-4242-A6BC-BD6D0ABAE411}.Release|Any CPU.Build.0 = Release|Any CPU
	EndGlobalSection
	GlobalSection(SolutionProperties) = preSolution
		HideSolutionNode = FALSE
	EndGlobalSection
	GlobalSection(ExtensibilityGlobals) = postSolution
		SolutionGuid = {D919D0BC-02B2-4DE5-B585-5C1ABC85BF54}
	EndGlobalSection
EndGlobal
